
Microsoft Visual Studio Solution File, Format Version 12.00
# Visual Studio Version 16
VisualStudioVersion = 16.0.31321.278
MinimumVisualStudioVersion = 10.0.40219.1
Project("{FAE04EC0-301F-11D3-BF4B-00C04F79EFBC}") = "BankAPI", "BankAPI\BankAPI.csproj", "{FC0F41FA-A5AE-49C5-A892-A8DB18A5F5C5}"
EndProject
Global
	GlobalSection(SolutionConfigurationPlatforms) = preSolution
		Debug|Any CPU = Debug|Any CPU
		Release|Any CPU = Release|Any CPU
	EndGlobalSection
	GlobalSection(ProjectConfigurationPlatforms) = postSolution
		{FC0F41FA-A5AE-49C5-A892-A8DB18A5F5C5}.Debug|Any CPU.ActiveCfg = Debug|Any CPU
		{FC0F41FA-A5AE-49C5-A892-A8DB18A5F5C5}.Debug|Any CPU.Build.0 = Debug|Any CPU
		{FC0F41FA-A5AE-49C5-A892-A8DB18A5F5C5}.Release|Any CPU.ActiveCfg = Release|Any CPU
		{FC0F41FA-A5AE-49C5-A892-A8DB18A5F5C5}.Release|Any CPU.Build.0 = Release|Any CPU
	EndGlobalSection
	GlobalSection(SolutionProperties) = preSolution
		HideSolutionNode = FALSE
	EndGlobalSection
	GlobalSection(ExtensibilityGlobals) = postSolution
		SolutionGuid = {EC8BCB01-CCCC-4A03-BC00-B0FDF2BCE5D8}
	EndGlobalSection
EndGlobal
